
Microsoft Visual Studio Solution File, Format Version 12.00
# Visual Studio 2012
Project("{FAE04EC0-301F-11D3-BF4B-00C04F79EFBC}") = "YieldExample", "YieldExample\YieldExample.csproj", "{15038CEF-91CE-4070-87D6-F3764292EDE2}"
EndProject
Global
	GlobalSection(SolutionConfigurationPlatforms) = preSolution
		Debug|Any CPU = Debug|Any CPU
		Release|Any CPU = Release|Any CPU
	EndGlobalSection
	GlobalSection(ProjectConfigurationPlatforms) = postSolution
		{15038CEF-91CE-4070-87D6-F3764292EDE2}.Debug|Any CPU.ActiveCfg = Debug|Any CPU
		{15038CEF-91CE-4070-87D6-F3764292EDE2}.Debug|Any CPU.Build.0 = Debug|Any CPU
		{15038CEF-91CE-4070-87D6-F3764292EDE2}.Release|Any CPU.ActiveCfg = Release|Any CPU
		{15038CEF-91CE-4070-87D6-F3764292EDE2}.Release|Any CPU.Build.0 = Release|Any CPU
	EndGlobalSection
	GlobalSection(SolutionProperties) = preSolution
		HideSolutionNode = FALSE
	EndGlobalSection
EndGlobal
